
Microsoft Visual Studio Solution File, Format Version 12.00
# Visual Studio Version 17
VisualStudioVersion = 17.0.31903.59
MinimumVisualStudioVersion = 10.0.40219.1
Project("{FAE04EC0-301F-11D3-BF4B-00C04F79EFBC}") = "ECommerce.Core", "ECommerce.Core\ECommerce.Core.csproj", "{3992C169-3E53-480D-995D-80896D61059B}"
EndProject
Project("{FAE04EC0-301F-11D3-BF4B-00C04F79EFBC}") = "ECommerce.Application", "ECommerce.Application\ECommerce.Application.csproj", "{F0E1314B-4E23-4265-ABEC-5FE171D49C4E}"
EndProject
Project("{FAE04EC0-301F-11D3-BF4B-00C04F79EFBC}") = "ECommerce.Infrastructure", "ECommerce.Infrastructure\ECommerce.Infrastructure.csproj", "{DFBCB7C3-909F-4BCE-8BCF-05960A8EDDF0}"
EndProject
Project("{FAE04EC0-301F-11D3-BF4B-00C04F79EFBC}") = "ECommerce.API", "ECommerce.API\ECommerce.API.csproj", "{459EB63F-E32D-47A3-A288-056D6B41FED7}"
EndProject
Project("{FAE04EC0-301F-11D3-BF4B-00C04F79EFBC}") = "ECommerce.Tests", "ECommerce.Tests\ECommerce.Tests.csproj", "{CAE00BFE-3B6E-4B49-97EC-B72BF1F5002F}"
EndProject
Project("{FAE04EC0-301F-11D3-BF4B-00C04F79EFBC}") = "ECommerce.SharedKernel", "ECommerce.SharedKernel\ECommerce.SharedKernel.csproj", "{F1094E51-A2A6-4EC8-8A56-773E879FE099}"
EndProject
Project("{FAE04EC0-301F-11D3-BF4B-00C04F79EFBC}") = "ECommerce.Catalog.Domain", "Catalog\ECommerce.Catalog.Domain\ECommerce.Catalog.Domain.csproj", "{95FA1BC2-4B18-4730-92CC-1FA2757AAA5C}"
EndProject
Project("{FAE04EC0-301F-11D3-BF4B-00C04F79EFBC}") = "ECommerce.Catalog.Tests", "Catalog\ECommerce.Catalog.Tests\ECommerce.Catalog.Tests.csproj", "{4BE335FC-8DEA-4379-B24C-B4BC779D2C4F}"
EndProject
Project("{FAE04EC0-301F-11D3-BF4B-00C04F79EFBC}") = "ECommerce.Catalog.Application", "Catalog\ECommerce.Catalog.Application\ECommerce.Catalog.Application.csproj", "{AAAAAAAA-BBBB-CCCC-DDDD-EEEEEEEEEEEE}"
EndProject
Project("{FAE04EC0-301F-11D3-BF4B-00C04F79EFBC}") = "ECommerce.Catalog.Infrastructure", "Catalog\ECommerce.Catalog.Infrastructure\ECommerce.Catalog.Infrastructure.csproj", "{B13E7C1A-9F2B-4D7A-8B2F-3A4E5D6F7A8B}"
EndProject
Project("{2150E333-8FDC-42A3-9474-1A3956D46DE8}") = "Identity", "Identity", "{2FA89949-C014-61E3-9766-4043502A0423}"
EndProject
Project("{FAE04EC0-301F-11D3-BF4B-00C04F79EFBC}") = "ECommerce.Identity.Domain", "Identity\ECommerce.Identity.Domain\ECommerce.Identity.Domain.csproj", "{A9F01436-758B-4AA6-8AEB-59A7F76F041C}"
EndProject
Project("{FAE04EC0-301F-11D3-BF4B-00C04F79EFBC}") = "ECommerce.Identity.Application", "Identity\ECommerce.Identity.Application\ECommerce.Identity.Application.csproj", "{0F8CC040-C2BA-4931-8F81-2052A5B1C34D}"
EndProject
Project("{FAE04EC0-301F-11D3-BF4B-00C04F79EFBC}") = "ECommerce.Identity.Infrastructure", "Identity\ECommerce.Identity.Infrastructure\ECommerce.Identity.Infrastructure.csproj", "{C24E5D2B-B589-43C7-B816-0EB3767B5AEF}"
EndProject
Project("{FAE04EC0-301F-11D3-BF4B-00C04F79EFBC}") = "ECommerce.Identity.Tests", "Identity\ECommerce.Identity.Tests\ECommerce.Identity.Tests.csproj", "{2D4E27AF-3139-45D7-992F-4547C2D48A25}"
EndProject
Project("{2150E333-8FDC-42A3-9474-1A3956D46DE8}") = "Inventory", "Inventory", "{6B6A9D20-1EA0-9357-3B09-C6BC2B90364F}"
EndProject
Project("{FAE04EC0-301F-11D3-BF4B-00C04F79EFBC}") = "ECommerce.Inventory.Domain", "Inventory\ECommerce.Inventory.Domain\ECommerce.Inventory.Domain.csproj", "{8FA0E8FD-7941-4074-A3E4-7215BE2F9F7C}"
EndProject
Project("{FAE04EC0-301F-11D3-BF4B-00C04F79EFBC}") = "ECommerce.Inventory.Application", "Inventory\ECommerce.Inventory.Application\ECommerce.Inventory.Application.csproj", "{4FB33A4E-4290-4D89-9AC3-3EA3125F22BF}"
EndProject
Project("{FAE04EC0-301F-11D3-BF4B-00C04F79EFBC}") = "ECommerce.Inventory.Infrastructure", "Inventory\ECommerce.Inventory.Infrastructure\ECommerce.Inventory.Infrastructure.csproj", "{883ADA5C-2412-4D46-AAA6-8EA4EBBF5392}"
EndProject
Project("{FAE04EC0-301F-11D3-BF4B-00C04F79EFBC}") = "ECommerce.Inventory.Tests", "Inventory\ECommerce.Inventory.Tests\ECommerce.Inventory.Tests.csproj", "{0BF6F4ED-7900-419D-AFCC-053412FEFB95}"
EndProject
Project("{2150E333-8FDC-42A3-9474-1A3956D46DE8}") = "Shopping", "Shopping", "{4EC51E57-671C-8648-2C4B-1322FA058310}"
EndProject
Project("{FAE04EC0-301F-11D3-BF4B-00C04F79EFBC}") = "ECommerce.Shopping.Domain", "Shopping\ECommerce.Shopping.Domain\ECommerce.Shopping.Domain.csproj", "{DD5E40B3-7A7C-43FB-8A13-726220F88459}"
EndProject
Project("{FAE04EC0-301F-11D3-BF4B-00C04F79EFBC}") = "ECommerce.Shopping.Application", "Shopping\ECommerce.Shopping.Application\ECommerce.Shopping.Application.csproj", "{0A5A8ACB-C340-4A71-9D08-5A85CFFB38FE}"
EndProject
Project("{FAE04EC0-301F-11D3-BF4B-00C04F79EFBC}") = "ECommerce.Shopping.Infrastructure", "Shopping\ECommerce.Shopping.Infrastructure\ECommerce.Shopping.Infrastructure.csproj", "{421ADBA7-D9D4-4C2F-8721-6030EF4853C3}"
EndProject
Project("{FAE04EC0-301F-11D3-BF4B-00C04F79EFBC}") = "ECommerce.Shopping.Tests", "Shopping\ECommerce.Shopping.Tests\ECommerce.Shopping.Tests.csproj", "{0E96D707-3187-463A-A7F7-5ED2778985AF}"
EndProject
Project("{2150E333-8FDC-42A3-9474-1A3956D46DE8}") = "Promotions", "Promotions", "{AAAB0AA3-F7AA-1B1F-BE8D-B8E67AD9E9EA}"
EndProject
Project("{FAE04EC0-301F-11D3-BF4B-00C04F79EFBC}") = "ECommerce.Promotions.Domain", "Promotions\ECommerce.Promotions.Domain\ECommerce.Promotions.Domain.csproj", "{F78657A5-05FF-47FF-901A-53DD6E98D28E}"
EndProject
Project("{FAE04EC0-301F-11D3-BF4B-00C04F79EFBC}") = "ECommerce.Promotions.Application", "Promotions\ECommerce.Promotions.Application\ECommerce.Promotions.Application.csproj", "{C3D7C0E4-6A85-493F-929B-4C5D33FD407B}"
EndProject
Project("{FAE04EC0-301F-11D3-BF4B-00C04F79EFBC}") = "ECommerce.Promotions.Infrastructure", "Promotions\ECommerce.Promotions.Infrastructure\ECommerce.Promotions.Infrastructure.csproj", "{7F851AB6-7AF6-4E8E-9917-CAB95295E8F0}"
EndProject
Project("{FAE04EC0-301F-11D3-BF4B-00C04F79EFBC}") = "ECommerce.Promotions.Tests", "Promotions\ECommerce.Promotions.Tests\ECommerce.Promotions.Tests.csproj", "{F372D079-A215-439A-B9DF-B608AE46E485}"
EndProject
Project("{2150E333-8FDC-42A3-9474-1A3956D46DE8}") = "Reviews", "Reviews", "{33472EAB-4B73-5570-11C2-37545A55103D}"
EndProject
Project("{FAE04EC0-301F-11D3-BF4B-00C04F79EFBC}") = "ECommerce.Reviews.Tests", "Reviews\ECommerce.Reviews.Tests\ECommerce.Reviews.Tests.csproj", "{82DF6252-3B76-4F5C-8CCF-D6FB21F6BFBB}"
EndProject
Project("{FAE04EC0-301F-11D3-BF4B-00C04F79EFBC}") = "ECommerce.Reviews.Domain", "Reviews\ECommerce.Reviews.Domain\ECommerce.Reviews.Domain.csproj", "{E39A792B-0876-49F8-81D3-7814E569CBA1}"
EndProject
Project("{FAE04EC0-301F-11D3-BF4B-00C04F79EFBC}") = "ECommerce.Reviews.Application", "Reviews\ECommerce.Reviews.Application\ECommerce.Reviews.Application.csproj", "{7B42CB4E-BA7B-4DA8-AC44-30C7BB5E7DC5}"
EndProject
Project("{FAE04EC0-301F-11D3-BF4B-00C04F79EFBC}") = "ECommerce.Contracts", "ECommerce.Contracts\ECommerce.Contracts.csproj", "{C32DA61B-6173-402D-B536-EB468C3AC205}"
EndProject
Global
	GlobalSection(SolutionConfigurationPlatforms) = preSolution
		Debug|Any CPU = Debug|Any CPU
		Debug|x64 = Debug|x64
		Debug|x86 = Debug|x86
		Release|Any CPU = Release|Any CPU
		Release|x64 = Release|x64
		Release|x86 = Release|x86
	EndGlobalSection
	GlobalSection(ProjectConfigurationPlatforms) = postSolution
		{3992C169-3E53-480D-995D-80896D61059B}.Debug|Any CPU.ActiveCfg = Debug|Any CPU
		{3992C169-3E53-480D-995D-80896D61059B}.Debug|Any CPU.Build.0 = Debug|Any CPU
		{3992C169-3E53-480D-995D-80896D61059B}.Debug|x64.ActiveCfg = Debug|Any CPU
		{3992C169-3E53-480D-995D-80896D61059B}.Debug|x64.Build.0 = Debug|Any CPU
		{3992C169-3E53-480D-995D-80896D61059B}.Debug|x86.ActiveCfg = Debug|Any CPU
		{3992C169-3E53-480D-995D-80896D61059B}.Debug|x86.Build.0 = Debug|Any CPU
		{3992C169-3E53-480D-995D-80896D61059B}.Release|Any CPU.ActiveCfg = Release|Any CPU
		{3992C169-3E53-480D-995D-80896D61059B}.Release|Any CPU.Build.0 = Release|Any CPU
		{3992C169-3E53-480D-995D-80896D61059B}.Release|x64.ActiveCfg = Release|Any CPU
		{3992C169-3E53-480D-995D-80896D61059B}.Release|x64.Build.0 = Release|Any CPU
		{3992C169-3E53-480D-995D-80896D61059B}.Release|x86.ActiveCfg = Release|Any CPU
		{3992C169-3E53-480D-995D-80896D61059B}.Release|x86.Build.0 = Release|Any CPU
		{F0E1314B-4E23-4265-ABEC-5FE171D49C4E}.Debug|Any CPU.ActiveCfg = Debug|Any CPU
		{F0E1314B-4E23-4265-ABEC-5FE171D49C4E}.Debug|Any CPU.Build.0 = Debug|Any CPU
		{F0E1314B-4E23-4265-ABEC-5FE171D49C4E}.Debug|x64.ActiveCfg = Debug|Any CPU
		{F0E1314B-4E23-4265-ABEC-5FE171D49C4E}.Debug|x64.Build.0 = Debug|Any CPU
		{F0E1314B-4E23-4265-ABEC-5FE171D49C4E}.Debug|x86.ActiveCfg = Debug|Any CPU
		{F0E1314B-4E23-4265-ABEC-5FE171D49C4E}.Debug|x86.Build.0 = Debug|Any CPU
		{F0E1314B-4E23-4265-ABEC-5FE171D49C4E}.Release|Any CPU.ActiveCfg = Release|Any CPU
		{F0E1314B-4E23-4265-ABEC-5FE171D49C4E}.Release|Any CPU.Build.0 = Release|Any CPU
		{F0E1314B-4E23-4265-ABEC-5FE171D49C4E}.Release|x64.ActiveCfg = Release|Any CPU
		{F0E1314B-4E23-4265-ABEC-5FE171D49C4E}.Release|x64.Build.0 = Release|Any CPU
		{F0E1314B-4E23-4265-ABEC-5FE171D49C4E}.Release|x86.ActiveCfg = Release|Any CPU
		{F0E1314B-4E23-4265-ABEC-5FE171D49C4E}.Release|x86.Build.0 = Release|Any CPU
		{DFBCB7C3-909F-4BCE-8BCF-05960A8EDDF0}.Debug|Any CPU.ActiveCfg = Debug|Any CPU
		{DFBCB7C3-909F-4BCE-8BCF-05960A8EDDF0}.Debug|Any CPU.Build.0 = Debug|Any CPU
		{DFBCB7C3-909F-4BCE-8BCF-05960A8EDDF0}.Debug|x64.ActiveCfg = Debug|Any CPU
		{DFBCB7C3-909F-4BCE-8BCF-05960A8EDDF0}.Debug|x64.Build.0 = Debug|Any CPU
		{DFBCB7C3-909F-4BCE-8BCF-05960A8EDDF0}.Debug|x86.ActiveCfg = Debug|Any CPU
		{DFBCB7C3-909F-4BCE-8BCF-05960A8EDDF0}.Debug|x86.Build.0 = Debug|Any CPU
		{DFBCB7C3-909F-4BCE-8BCF-05960A8EDDF0}.Release|Any CPU.ActiveCfg = Release|Any CPU
		{DFBCB7C3-909F-4BCE-8BCF-05960A8EDDF0}.Release|Any CPU.Build.0 = Release|Any CPU
		{DFBCB7C3-909F-4BCE-8BCF-05960A8EDDF0}.Release|x64.ActiveCfg = Release|Any CPU
		{DFBCB7C3-909F-4BCE-8BCF-05960A8EDDF0}.Release|x64.Build.0 = Release|Any CPU
		{DFBCB7C3-909F-4BCE-8BCF-05960A8EDDF0}.Release|x86.ActiveCfg = Release|Any CPU
		{DFBCB7C3-909F-4BCE-8BCF-05960A8EDDF0}.Release|x86.Build.0 = Release|Any CPU
		{459EB63F-E32D-47A3-A288-056D6B41FED7}.Debug|Any CPU.ActiveCfg = Debug|Any CPU
		{459EB63F-E32D-47A3-A288-056D6B41FED7}.Debug|Any CPU.Build.0 = Debug|Any CPU
		{459EB63F-E32D-47A3-A288-056D6B41FED7}.Debug|x64.ActiveCfg = Debug|Any CPU
		{459EB63F-E32D-47A3-A288-056D6B41FED7}.Debug|x64.Build.0 = Debug|Any CPU
		{459EB63F-E32D-47A3-A288-056D6B41FED7}.Debug|x86.ActiveCfg = Debug|Any CPU
		{459EB63F-E32D-47A3-A288-056D6B41FED7}.Debug|x86.Build.0 = Debug|Any CPU
		{459EB63F-E32D-47A3-A288-056D6B41FED7}.Release|Any CPU.ActiveCfg = Release|Any CPU
		{459EB63F-E32D-47A3-A288-056D6B41FED7}.Release|Any CPU.Build.0 = Release|Any CPU
		{459EB63F-E32D-47A3-A288-056D6B41FED7}.Release|x64.ActiveCfg = Release|Any CPU
		{459EB63F-E32D-47A3-A288-056D6B41FED7}.Release|x64.Build.0 = Release|Any CPU
		{459EB63F-E32D-47A3-A288-056D6B41FED7}.Release|x86.ActiveCfg = Release|Any CPU
		{459EB63F-E32D-47A3-A288-056D6B41FED7}.Release|x86.Build.0 = Release|Any CPU
		{CAE00BFE-3B6E-4B49-97EC-B72BF1F5002F}.Debug|Any CPU.ActiveCfg = Debug|Any CPU
		{CAE00BFE-3B6E-4B49-97EC-B72BF1F5002F}.Debug|Any CPU.Build.0 = Debug|Any CPU
		{CAE00BFE-3B6E-4B49-97EC-B72BF1F5002F}.Debug|x64.ActiveCfg = Debug|Any CPU
		{CAE00BFE-3B6E-4B49-97EC-B72BF1F5002F}.Debug|x64.Build.0 = Debug|Any CPU
		{CAE00BFE-3B6E-4B49-97EC-B72BF1F5002F}.Debug|x86.ActiveCfg = Debug|Any CPU
		{CAE00BFE-3B6E-4B49-97EC-B72BF1F5002F}.Debug|x86.Build.0 = Debug|Any CPU
		{CAE00BFE-3B6E-4B49-97EC-B72BF1F5002F}.Release|Any CPU.ActiveCfg = Release|Any CPU
		{CAE00BFE-3B6E-4B49-97EC-B72BF1F5002F}.Release|Any CPU.Build.0 = Release|Any CPU
		{CAE00BFE-3B6E-4B49-97EC-B72BF1F5002F}.Release|x64.ActiveCfg = Release|Any CPU
		{CAE00BFE-3B6E-4B49-97EC-B72BF1F5002F}.Release|x64.Build.0 = Release|Any CPU
		{CAE00BFE-3B6E-4B49-97EC-B72BF1F5002F}.Release|x86.ActiveCfg = Release|Any CPU
		{CAE00BFE-3B6E-4B49-97EC-B72BF1F5002F}.Release|x86.Build.0 = Release|Any CPU
		{F1094E51-A2A6-4EC8-8A56-773E879FE099}.Debug|Any CPU.ActiveCfg = Debug|Any CPU
		{F1094E51-A2A6-4EC8-8A56-773E879FE099}.Debug|Any CPU.Build.0 = Debug|Any CPU
		{F1094E51-A2A6-4EC8-8A56-773E879FE099}.Debug|x64.ActiveCfg = Debug|Any CPU
		{F1094E51-A2A6-4EC8-8A56-773E879FE099}.Debug|x64.Build.0 = Debug|Any CPU
		{F1094E51-A2A6-4EC8-8A56-773E879FE099}.Debug|x86.ActiveCfg = Debug|Any CPU
		{F1094E51-A2A6-4EC8-8A56-773E879FE099}.Debug|x86.Build.0 = Debug|Any CPU
		{F1094E51-A2A6-4EC8-8A56-773E879FE099}.Release|Any CPU.ActiveCfg = Release|Any CPU
		{F1094E51-A2A6-4EC8-8A56-773E879FE099}.Release|Any CPU.Build.0 = Release|Any CPU
		{F1094E51-A2A6-4EC8-8A56-773E879FE099}.Release|x64.ActiveCfg = Release|Any CPU
		{F1094E51-A2A6-4EC8-8A56-773E879FE099}.Release|x64.Build.0 = Release|Any CPU
		{F1094E51-A2A6-4EC8-8A56-773E879FE099}.Release|x86.ActiveCfg = Release|Any CPU
		{F1094E51-A2A6-4EC8-8A56-773E879FE099}.Release|x86.Build.0 = Release|Any CPU
		{95FA1BC2-4B18-4730-92CC-1FA2757AAA5C}.Debug|Any CPU.ActiveCfg = Debug|Any CPU
		{95FA1BC2-4B18-4730-92CC-1FA2757AAA5C}.Debug|Any CPU.Build.0 = Debug|Any CPU
		{95FA1BC2-4B18-4730-92CC-1FA2757AAA5C}.Debug|x64.ActiveCfg = Debug|Any CPU
		{95FA1BC2-4B18-4730-92CC-1FA2757AAA5C}.Debug|x64.Build.0 = Debug|Any CPU
		{95FA1BC2-4B18-4730-92CC-1FA2757AAA5C}.Debug|x86.ActiveCfg = Debug|Any CPU
		{95FA1BC2-4B18-4730-92CC-1FA2757AAA5C}.Debug|x86.Build.0 = Debug|Any CPU
		{95FA1BC2-4B18-4730-92CC-1FA2757AAA5C}.Release|Any CPU.ActiveCfg = Release|Any CPU
		{95FA1BC2-4B18-4730-92CC-1FA2757AAA5C}.Release|Any CPU.Build.0 = Release|Any CPU
		{95FA1BC2-4B18-4730-92CC-1FA2757AAA5C}.Release|x64.ActiveCfg = Release|Any CPU
		{95FA1BC2-4B18-4730-92CC-1FA2757AAA5C}.Release|x64.Build.0 = Release|Any CPU
		{95FA1BC2-4B18-4730-92CC-1FA2757AAA5C}.Release|x86.ActiveCfg = Release|Any CPU
		{95FA1BC2-4B18-4730-92CC-1FA2757AAA5C}.Release|x86.Build.0 = Release|Any CPU
		{4BE335FC-8DEA-4379-B24C-B4BC779D2C4F}.Debug|Any CPU.ActiveCfg = Debug|Any CPU
		{4BE335FC-8DEA-4379-B24C-B4BC779D2C4F}.Debug|Any CPU.Build.0 = Debug|Any CPU
		{4BE335FC-8DEA-4379-B24C-B4BC779D2C4F}.Debug|x64.ActiveCfg = Debug|Any CPU
		{4BE335FC-8DEA-4379-B24C-B4BC779D2C4F}.Debug|x64.Build.0 = Debug|Any CPU
		{4BE335FC-8DEA-4379-B24C-B4BC779D2C4F}.Debug|x86.ActiveCfg = Debug|Any CPU
		{4BE335FC-8DEA-4379-B24C-B4BC779D2C4F}.Debug|x86.Build.0 = Debug|Any CPU
		{4BE335FC-8DEA-4379-B24C-B4BC779D2C4F}.Release|Any CPU.ActiveCfg = Release|Any CPU
		{4BE335FC-8DEA-4379-B24C-B4BC779D2C4F}.Release|Any CPU.Build.0 = Release|Any CPU
		{4BE335FC-8DEA-4379-B24C-B4BC779D2C4F}.Release|x64.ActiveCfg = Release|Any CPU
		{4BE335FC-8DEA-4379-B24C-B4BC779D2C4F}.Release|x64.Build.0 = Release|Any CPU
		{4BE335FC-8DEA-4379-B24C-B4BC779D2C4F}.Release|x86.ActiveCfg = Release|Any CPU
		{4BE335FC-8DEA-4379-B24C-B4BC779D2C4F}.Release|x86.Build.0 = Release|Any CPU
		{AAAAAAAA-BBBB-CCCC-DDDD-EEEEEEEEEEEE}.Debug|Any CPU.ActiveCfg = Debug|Any CPU
		{AAAAAAAA-BBBB-CCCC-DDDD-EEEEEEEEEEEE}.Debug|Any CPU.Build.0 = Debug|Any CPU
		{AAAAAAAA-BBBB-CCCC-DDDD-EEEEEEEEEEEE}.Debug|x64.ActiveCfg = Debug|Any CPU
		{AAAAAAAA-BBBB-CCCC-DDDD-EEEEEEEEEEEE}.Debug|x64.Build.0 = Debug|Any CPU
		{AAAAAAAA-BBBB-CCCC-DDDD-EEEEEEEEEEEE}.Debug|x86.ActiveCfg = Debug|Any CPU
		{AAAAAAAA-BBBB-CCCC-DDDD-EEEEEEEEEEEE}.Debug|x86.Build.0 = Debug|Any CPU
		{AAAAAAAA-BBBB-CCCC-DDDD-EEEEEEEEEEEE}.Release|Any CPU.ActiveCfg = Release|Any CPU
		{AAAAAAAA-BBBB-CCCC-DDDD-EEEEEEEEEEEE}.Release|Any CPU.Build.0 = Release|Any CPU
		{AAAAAAAA-BBBB-CCCC-DDDD-EEEEEEEEEEEE}.Release|x64.ActiveCfg = Release|Any CPU
		{AAAAAAAA-BBBB-CCCC-DDDD-EEEEEEEEEEEE}.Release|x64.Build.0 = Release|Any CPU
		{AAAAAAAA-BBBB-CCCC-DDDD-EEEEEEEEEEEE}.Release|x86.ActiveCfg = Release|Any CPU
		{AAAAAAAA-BBBB-CCCC-DDDD-EEEEEEEEEEEE}.Release|x86.Build.0 = Release|Any CPU
		{B13E7C1A-9F2B-4D7A-8B2F-3A4E5D6F7A8B}.Debug|Any CPU.ActiveCfg = Debug|Any CPU
		{B13E7C1A-9F2B-4D7A-8B2F-3A4E5D6F7A8B}.Debug|Any CPU.Build.0 = Debug|Any CPU
		{B13E7C1A-9F2B-4D7A-8B2F-3A4E5D6F7A8B}.Debug|x64.ActiveCfg = Debug|Any CPU
		{B13E7C1A-9F2B-4D7A-8B2F-3A4E5D6F7A8B}.Debug|x64.Build.0 = Debug|Any CPU
		{B13E7C1A-9F2B-4D7A-8B2F-3A4E5D6F7A8B}.Debug|x86.ActiveCfg = Debug|Any CPU
		{B13E7C1A-9F2B-4D7A-8B2F-3A4E5D6F7A8B}.Debug|x86.Build.0 = Debug|Any CPU
		{B13E7C1A-9F2B-4D7A-8B2F-3A4E5D6F7A8B}.Release|Any CPU.ActiveCfg = Release|Any CPU
		{B13E7C1A-9F2B-4D7A-8B2F-3A4E5D6F7A8B}.Release|Any CPU.Build.0 = Release|Any CPU
		{B13E7C1A-9F2B-4D7A-8B2F-3A4E5D6F7A8B}.Release|x64.ActiveCfg = Release|Any CPU
		{B13E7C1A-9F2B-4D7A-8B2F-3A4E5D6F7A8B}.Release|x64.Build.0 = Release|Any CPU
		{B13E7C1A-9F2B-4D7A-8B2F-3A4E5D6F7A8B}.Release|x86.ActiveCfg = Release|Any CPU
		{B13E7C1A-9F2B-4D7A-8B2F-3A4E5D6F7A8B}.Release|x86.Build.0 = Release|Any CPU
		{A9F01436-758B-4AA6-8AEB-59A7F76F041C}.Debug|Any CPU.ActiveCfg = Debug|Any CPU
		{A9F01436-758B-4AA6-8AEB-59A7F76F041C}.Debug|Any CPU.Build.0 = Debug|Any CPU
		{A9F01436-758B-4AA6-8AEB-59A7F76F041C}.Debug|x64.ActiveCfg = Debug|Any CPU
		{A9F01436-758B-4AA6-8AEB-59A7F76F041C}.Debug|x64.Build.0 = Debug|Any CPU
		{A9F01436-758B-4AA6-8AEB-59A7F76F041C}.Debug|x86.ActiveCfg = Debug|Any CPU
		{A9F01436-758B-4AA6-8AEB-59A7F76F041C}.Debug|x86.Build.0 = Debug|Any CPU
		{A9F01436-758B-4AA6-8AEB-59A7F76F041C}.Release|Any CPU.ActiveCfg = Release|Any CPU
		{A9F01436-758B-4AA6-8AEB-59A7F76F041C}.Release|Any CPU.Build.0 = Release|Any CPU
		{A9F01436-758B-4AA6-8AEB-59A7F76F041C}.Release|x64.ActiveCfg = Release|Any CPU
		{A9F01436-758B-4AA6-8AEB-59A7F76F041C}.Release|x64.Build.0 = Release|Any CPU
		{A9F01436-758B-4AA6-8AEB-59A7F76F041C}.Release|x86.ActiveCfg = Release|Any CPU
		{A9F01436-758B-4AA6-8AEB-59A7F76F041C}.Release|x86.Build.0 = Release|Any CPU
		{0F8CC040-C2BA-4931-8F81-2052A5B1C34D}.Debug|Any CPU.ActiveCfg = Debug|Any CPU
		{0F8CC040-C2BA-4931-8F81-2052A5B1C34D}.Debug|Any CPU.Build.0 = Debug|Any CPU
		{0F8CC040-C2BA-4931-8F81-2052A5B1C34D}.Debug|x64.ActiveCfg = Debug|Any CPU
		{0F8CC040-C2BA-4931-8F81-2052A5B1C34D}.Debug|x64.Build.0 = Debug|Any CPU
		{0F8CC040-C2BA-4931-8F81-2052A5B1C34D}.Debug|x86.ActiveCfg = Debug|Any CPU
		{0F8CC040-C2BA-4931-8F81-2052A5B1C34D}.Debug|x86.Build.0 = Debug|Any CPU
		{0F8CC040-C2BA-4931-8F81-2052A5B1C34D}.Release|Any CPU.ActiveCfg = Release|Any CPU
		{0F8CC040-C2BA-4931-8F81-2052A5B1C34D}.Release|Any CPU.Build.0 = Release|Any CPU
		{0F8CC040-C2BA-4931-8F81-2052A5B1C34D}.Release|x64.ActiveCfg = Release|Any CPU
		{0F8CC040-C2BA-4931-8F81-2052A5B1C34D}.Release|x64.Build.0 = Release|Any CPU
		{0F8CC040-C2BA-4931-8F81-2052A5B1C34D}.Release|x86.ActiveCfg = Release|Any CPU
		{0F8CC040-C2BA-4931-8F81-2052A5B1C34D}.Release|x86.Build.0 = Release|Any CPU
		{C24E5D2B-B589-43C7-B816-0EB3767B5AEF}.Debug|Any CPU.ActiveCfg = Debug|Any CPU
		{C24E5D2B-B589-43C7-B816-0EB3767B5AEF}.Debug|Any CPU.Build.0 = Debug|Any CPU
		{C24E5D2B-B589-43C7-B816-0EB3767B5AEF}.Debug|x64.ActiveCfg = Debug|Any CPU
		{C24E5D2B-B589-43C7-B816-0EB3767B5AEF}.Debug|x64.Build.0 = Debug|Any CPU
		{C24E5D2B-B589-43C7-B816-0EB3767B5AEF}.Debug|x86.ActiveCfg = Debug|Any CPU
		{C24E5D2B-B589-43C7-B816-0EB3767B5AEF}.Debug|x86.Build.0 = Debug|Any CPU
		{C24E5D2B-B589-43C7-B816-0EB3767B5AEF}.Release|Any CPU.ActiveCfg = Release|Any CPU
		{C24E5D2B-B589-43C7-B816-0EB3767B5AEF}.Release|Any CPU.Build.0 = Release|Any CPU
		{C24E5D2B-B589-43C7-B816-0EB3767B5AEF}.Release|x64.ActiveCfg = Release|Any CPU
		{C24E5D2B-B589-43C7-B816-0EB3767B5AEF}.Release|x64.Build.0 = Release|Any CPU
		{C24E5D2B-B589-43C7-B816-0EB3767B5AEF}.Release|x86.ActiveCfg = Release|Any CPU
		{C24E5D2B-B589-43C7-B816-0EB3767B5AEF}.Release|x86.Build.0 = Release|Any CPU
		{2D4E27AF-3139-45D7-992F-4547C2D48A25}.Debug|Any CPU.ActiveCfg = Debug|Any CPU
		{2D4E27AF-3139-45D7-992F-4547C2D48A25}.Debug|Any CPU.Build.0 = Debug|Any CPU
		{2D4E27AF-3139-45D7-992F-4547C2D48A25}.Debug|x64.ActiveCfg = Debug|Any CPU
		{2D4E27AF-3139-45D7-992F-4547C2D48A25}.Debug|x64.Build.0 = Debug|Any CPU
		{2D4E27AF-3139-45D7-992F-4547C2D48A25}.Debug|x86.ActiveCfg = Debug|Any CPU
		{2D4E27AF-3139-45D7-992F-4547C2D48A25}.Debug|x86.Build.0 = Debug|Any CPU
		{2D4E27AF-3139-45D7-992F-4547C2D48A25}.Release|Any CPU.ActiveCfg = Release|Any CPU
		{2D4E27AF-3139-45D7-992F-4547C2D48A25}.Release|Any CPU.Build.0 = Release|Any CPU
		{2D4E27AF-3139-45D7-992F-4547C2D48A25}.Release|x64.ActiveCfg = Release|Any CPU
		{2D4E27AF-3139-45D7-992F-4547C2D48A25}.Release|x64.Build.0 = Release|Any CPU
		{2D4E27AF-3139-45D7-992F-4547C2D48A25}.Release|x86.ActiveCfg = Release|Any CPU
		{2D4E27AF-3139-45D7-992F-4547C2D48A25}.Release|x86.Build.0 = Release|Any CPU
		{8FA0E8FD-7941-4074-A3E4-7215BE2F9F7C}.Debug|Any CPU.ActiveCfg = Debug|Any CPU
		{8FA0E8FD-7941-4074-A3E4-7215BE2F9F7C}.Debug|Any CPU.Build.0 = Debug|Any CPU
		{8FA0E8FD-7941-4074-A3E4-7215BE2F9F7C}.Debug|x64.ActiveCfg = Debug|Any CPU
		{8FA0E8FD-7941-4074-A3E4-7215BE2F9F7C}.Debug|x64.Build.0 = Debug|Any CPU
		{8FA0E8FD-7941-4074-A3E4-7215BE2F9F7C}.Debug|x86.ActiveCfg = Debug|Any CPU
		{8FA0E8FD-7941-4074-A3E4-7215BE2F9F7C}.Debug|x86.Build.0 = Debug|Any CPU
		{8FA0E8FD-7941-4074-A3E4-7215BE2F9F7C}.Release|Any CPU.ActiveCfg = Release|Any CPU
		{8FA0E8FD-7941-4074-A3E4-7215BE2F9F7C}.Release|Any CPU.Build.0 = Release|Any CPU
		{8FA0E8FD-7941-4074-A3E4-7215BE2F9F7C}.Release|x64.ActiveCfg = Release|Any CPU
		{8FA0E8FD-7941-4074-A3E4-7215BE2F9F7C}.Release|x64.Build.0 = Release|Any CPU
		{8FA0E8FD-7941-4074-A3E4-7215BE2F9F7C}.Release|x86.ActiveCfg = Release|Any CPU
		{8FA0E8FD-7941-4074-A3E4-7215BE2F9F7C}.Release|x86.Build.0 = Release|Any CPU
		{4FB33A4E-4290-4D89-9AC3-3EA3125F22BF}.Debug|Any CPU.ActiveCfg = Debug|Any CPU
		{4FB33A4E-4290-4D89-9AC3-3EA3125F22BF}.Debug|Any CPU.Build.0 = Debug|Any CPU
		{4FB33A4E-4290-4D89-9AC3-3EA3125F22BF}.Debug|x64.ActiveCfg = Debug|Any CPU
		{4FB33A4E-4290-4D89-9AC3-3EA3125F22BF}.Debug|x64.Build.0 = Debug|Any CPU
		{4FB33A4E-4290-4D89-9AC3-3EA3125F22BF}.Debug|x86.ActiveCfg = Debug|Any CPU
		{4FB33A4E-4290-4D89-9AC3-3EA3125F22BF}.Debug|x86.Build.0 = Debug|Any CPU
		{4FB33A4E-4290-4D89-9AC3-3EA3125F22BF}.Release|Any CPU.ActiveCfg = Release|Any CPU
		{4FB33A4E-4290-4D89-9AC3-3EA3125F22BF}.Release|Any CPU.Build.0 = Release|Any CPU
		{4FB33A4E-4290-4D89-9AC3-3EA3125F22BF}.Release|x64.ActiveCfg = Release|Any CPU
		{4FB33A4E-4290-4D89-9AC3-3EA3125F22BF}.Release|x64.Build.0 = Release|Any CPU
		{4FB33A4E-4290-4D89-9AC3-3EA3125F22BF}.Release|x86.ActiveCfg = Release|Any CPU
		{4FB33A4E-4290-4D89-9AC3-3EA3125F22BF}.Release|x86.Build.0 = Release|Any CPU
		{883ADA5C-2412-4D46-AAA6-8EA4EBBF5392}.Debug|Any CPU.ActiveCfg = Debug|Any CPU
		{883ADA5C-2412-4D46-AAA6-8EA4EBBF5392}.Debug|Any CPU.Build.0 = Debug|Any CPU
		{883ADA5C-2412-4D46-AAA6-8EA4EBBF5392}.Debug|x64.ActiveCfg = Debug|Any CPU
		{883ADA5C-2412-4D46-AAA6-8EA4EBBF5392}.Debug|x64.Build.0 = Debug|Any CPU
		{883ADA5C-2412-4D46-AAA6-8EA4EBBF5392}.Debug|x86.ActiveCfg = Debug|Any CPU
		{883ADA5C-2412-4D46-AAA6-8EA4EBBF5392}.Debug|x86.Build.0 = Debug|Any CPU
		{883ADA5C-2412-4D46-AAA6-8EA4EBBF5392}.Release|Any CPU.ActiveCfg = Release|Any CPU
		{883ADA5C-2412-4D46-AAA6-8EA4EBBF5392}.Release|Any CPU.Build.0 = Release|Any CPU
		{883ADA5C-2412-4D46-AAA6-8EA4EBBF5392}.Release|x64.ActiveCfg = Release|Any CPU
		{883ADA5C-2412-4D46-AAA6-8EA4EBBF5392}.Release|x64.Build.0 = Release|Any CPU
		{883ADA5C-2412-4D46-AAA6-8EA4EBBF5392}.Release|x86.ActiveCfg = Release|Any CPU
		{883ADA5C-2412-4D46-AAA6-8EA4EBBF5392}.Release|x86.Build.0 = Release|Any CPU
		{0BF6F4ED-7900-419D-AFCC-053412FEFB95}.Debug|Any CPU.ActiveCfg = Debug|Any CPU
		{0BF6F4ED-7900-419D-AFCC-053412FEFB95}.Debug|Any CPU.Build.0 = Debug|Any CPU
		{0BF6F4ED-7900-419D-AFCC-053412FEFB95}.Debug|x64.ActiveCfg = Debug|Any CPU
		{0BF6F4ED-7900-419D-AFCC-053412FEFB95}.Debug|x64.Build.0 = Debug|Any CPU
		{0BF6F4ED-7900-419D-AFCC-053412FEFB95}.Debug|x86.ActiveCfg = Debug|Any CPU
		{0BF6F4ED-7900-419D-AFCC-053412FEFB95}.Debug|x86.Build.0 = Debug|Any CPU
		{0BF6F4ED-7900-419D-AFCC-053412FEFB95}.Release|Any CPU.ActiveCfg = Release|Any CPU
		{0BF6F4ED-7900-419D-AFCC-053412FEFB95}.Release|Any CPU.Build.0 = Release|Any CPU
		{0BF6F4ED-7900-419D-AFCC-053412FEFB95}.Release|x64.ActiveCfg = Release|Any CPU
		{0BF6F4ED-7900-419D-AFCC-053412FEFB95}.Release|x64.Build.0 = Release|Any CPU
		{0BF6F4ED-7900-419D-AFCC-053412FEFB95}.Release|x86.ActiveCfg = Release|Any CPU
		{0BF6F4ED-7900-419D-AFCC-053412FEFB95}.Release|x86.Build.0 = Release|Any CPU
		{DD5E40B3-7A7C-43FB-8A13-726220F88459}.Debug|Any CPU.ActiveCfg = Debug|Any CPU
		{DD5E40B3-7A7C-43FB-8A13-726220F88459}.Debug|Any CPU.Build.0 = Debug|Any CPU
		{DD5E40B3-7A7C-43FB-8A13-726220F88459}.Debug|x64.ActiveCfg = Debug|Any CPU
		{DD5E40B3-7A7C-43FB-8A13-726220F88459}.Debug|x64.Build.0 = Debug|Any CPU
		{DD5E40B3-7A7C-43FB-8A13-726220F88459}.Debug|x86.ActiveCfg = Debug|Any CPU
		{DD5E40B3-7A7C-43FB-8A13-726220F88459}.Debug|x86.Build.0 = Debug|Any CPU
		{DD5E40B3-7A7C-43FB-8A13-726220F88459}.Release|Any CPU.ActiveCfg = Release|Any CPU
		{DD5E40B3-7A7C-43FB-8A13-726220F88459}.Release|Any CPU.Build.0 = Release|Any CPU
		{DD5E40B3-7A7C-43FB-8A13-726220F88459}.Release|x64.ActiveCfg = Release|Any CPU
		{DD5E40B3-7A7C-43FB-8A13-726220F88459}.Release|x64.Build.0 = Release|Any CPU
		{DD5E40B3-7A7C-43FB-8A13-726220F88459}.Release|x86.ActiveCfg = Release|Any CPU
		{DD5E40B3-7A7C-43FB-8A13-726220F88459}.Release|x86.Build.0 = Release|Any CPU
		{0A5A8ACB-C340-4A71-9D08-5A85CFFB38FE}.Debug|Any CPU.ActiveCfg = Debug|Any CPU
		{0A5A8ACB-C340-4A71-9D08-5A85CFFB38FE}.Debug|Any CPU.Build.0 = Debug|Any CPU
		{0A5A8ACB-C340-4A71-9D08-5A85CFFB38FE}.Debug|x64.ActiveCfg = Debug|Any CPU
		{0A5A8ACB-C340-4A71-9D08-5A85CFFB38FE}.Debug|x64.Build.0 = Debug|Any CPU
		{0A5A8ACB-C340-4A71-9D08-5A85CFFB38FE}.Debug|x86.ActiveCfg = Debug|Any CPU
		{0A5A8ACB-C340-4A71-9D08-5A85CFFB38FE}.Debug|x86.Build.0 = Debug|Any CPU
		{0A5A8ACB-C340-4A71-9D08-5A85CFFB38FE}.Release|Any CPU.ActiveCfg = Release|Any CPU
		{0A5A8ACB-C340-4A71-9D08-5A85CFFB38FE}.Release|Any CPU.Build.0 = Release|Any CPU
		{0A5A8ACB-C340-4A71-9D08-5A85CFFB38FE}.Release|x64.ActiveCfg = Release|Any CPU
		{0A5A8ACB-C340-4A71-9D08-5A85CFFB38FE}.Release|x64.Build.0 = Release|Any CPU
		{0A5A8ACB-C340-4A71-9D08-5A85CFFB38FE}.Release|x86.ActiveCfg = Release|Any CPU
		{0A5A8ACB-C340-4A71-9D08-5A85CFFB38FE}.Release|x86.Build.0 = Release|Any CPU
		{421ADBA7-D9D4-4C2F-8721-6030EF4853C3}.Debug|Any CPU.ActiveCfg = Debug|Any CPU
		{421ADBA7-D9D4-4C2F-8721-6030EF4853C3}.Debug|Any CPU.Build.0 = Debug|Any CPU
		{421ADBA7-D9D4-4C2F-8721-6030EF4853C3}.Debug|x64.ActiveCfg = Debug|Any CPU
		{421ADBA7-D9D4-4C2F-8721-6030EF4853C3}.Debug|x64.Build.0 = Debug|Any CPU
		{421ADBA7-D9D4-4C2F-8721-6030EF4853C3}.Debug|x86.ActiveCfg = Debug|Any CPU
		{421ADBA7-D9D4-4C2F-8721-6030EF4853C3}.Debug|x86.Build.0 = Debug|Any CPU
		{421ADBA7-D9D4-4C2F-8721-6030EF4853C3}.Release|Any CPU.ActiveCfg = Release|Any CPU
		{421ADBA7-D9D4-4C2F-8721-6030EF4853C3}.Release|Any CPU.Build.0 = Release|Any CPU
		{421ADBA7-D9D4-4C2F-8721-6030EF4853C3}.Release|x64.ActiveCfg = Release|Any CPU
		{421ADBA7-D9D4-4C2F-8721-6030EF4853C3}.Release|x64.Build.0 = Release|Any CPU
		{421ADBA7-D9D4-4C2F-8721-6030EF4853C3}.Release|x86.ActiveCfg = Release|Any CPU
		{421ADBA7-D9D4-4C2F-8721-6030EF4853C3}.Release|x86.Build.0 = Release|Any CPU
		{0E96D707-3187-463A-A7F7-5ED2778985AF}.Debug|Any CPU.ActiveCfg = Debug|Any CPU
		{0E96D707-3187-463A-A7F7-5ED2778985AF}.Debug|Any CPU.Build.0 = Debug|Any CPU
		{0E96D707-3187-463A-A7F7-5ED2778985AF}.Debug|x64.ActiveCfg = Debug|Any CPU
		{0E96D707-3187-463A-A7F7-5ED2778985AF}.Debug|x64.Build.0 = Debug|Any CPU
		{0E96D707-3187-463A-A7F7-5ED2778985AF}.Debug|x86.ActiveCfg = Debug|Any CPU
		{0E96D707-3187-463A-A7F7-5ED2778985AF}.Debug|x86.Build.0 = Debug|Any CPU
		{0E96D707-3187-463A-A7F7-5ED2778985AF}.Release|Any CPU.ActiveCfg = Release|Any CPU
		{0E96D707-3187-463A-A7F7-5ED2778985AF}.Release|Any CPU.Build.0 = Release|Any CPU
		{0E96D707-3187-463A-A7F7-5ED2778985AF}.Release|x64.ActiveCfg = Release|Any CPU
		{0E96D707-3187-463A-A7F7-5ED2778985AF}.Release|x64.Build.0 = Release|Any CPU
		{0E96D707-3187-463A-A7F7-5ED2778985AF}.Release|x86.ActiveCfg = Release|Any CPU
		{0E96D707-3187-463A-A7F7-5ED2778985AF}.Release|x86.Build.0 = Release|Any CPU
		{F78657A5-05FF-47FF-901A-53DD6E98D28E}.Debug|Any CPU.ActiveCfg = Debug|Any CPU
		{F78657A5-05FF-47FF-901A-53DD6E98D28E}.Debug|Any CPU.Build.0 = Debug|Any CPU
		{F78657A5-05FF-47FF-901A-53DD6E98D28E}.Debug|x64.ActiveCfg = Debug|Any CPU
		{F78657A5-05FF-47FF-901A-53DD6E98D28E}.Debug|x64.Build.0 = Debug|Any CPU
		{F78657A5-05FF-47FF-901A-53DD6E98D28E}.Debug|x86.ActiveCfg = Debug|Any CPU
		{F78657A5-05FF-47FF-901A-53DD6E98D28E}.Debug|x86.Build.0 = Debug|Any CPU
		{F78657A5-05FF-47FF-901A-53DD6E98D28E}.Release|Any CPU.ActiveCfg = Release|Any CPU
		{F78657A5-05FF-47FF-901A-53DD6E98D28E}.Release|Any CPU.Build.0 = Release|Any CPU
		{F78657A5-05FF-47FF-901A-53DD6E98D28E}.Release|x64.ActiveCfg = Release|Any CPU
		{F78657A5-05FF-47FF-901A-53DD6E98D28E}.Release|x64.Build.0 = Release|Any CPU
		{F78657A5-05FF-47FF-901A-53DD6E98D28E}.Release|x86.ActiveCfg = Release|Any CPU
		{F78657A5-05FF-47FF-901A-53DD6E98D28E}.Release|x86.Build.0 = Release|Any CPU
		{C3D7C0E4-6A85-493F-929B-4C5D33FD407B}.Debug|Any CPU.ActiveCfg = Debug|Any CPU
		{C3D7C0E4-6A85-493F-929B-4C5D33FD407B}.Debug|Any CPU.Build.0 = Debug|Any CPU
		{C3D7C0E4-6A85-493F-929B-4C5D33FD407B}.Debug|x64.ActiveCfg = Debug|Any CPU
		{C3D7C0E4-6A85-493F-929B-4C5D33FD407B}.Debug|x64.Build.0 = Debug|Any CPU
		{C3D7C0E4-6A85-493F-929B-4C5D33FD407B}.Debug|x86.ActiveCfg = Debug|Any CPU
		{C3D7C0E4-6A85-493F-929B-4C5D33FD407B}.Debug|x86.Build.0 = Debug|Any CPU
		{C3D7C0E4-6A85-493F-929B-4C5D33FD407B}.Release|Any CPU.ActiveCfg = Release|Any CPU
		{C3D7C0E4-6A85-493F-929B-4C5D33FD407B}.Release|Any CPU.Build.0 = Release|Any CPU
		{C3D7C0E4-6A85-493F-929B-4C5D33FD407B}.Release|x64.ActiveCfg = Release|Any CPU
		{C3D7C0E4-6A85-493F-929B-4C5D33FD407B}.Release|x64.Build.0 = Release|Any CPU
		{C3D7C0E4-6A85-493F-929B-4C5D33FD407B}.Release|x86.ActiveCfg = Release|Any CPU
		{C3D7C0E4-6A85-493F-929B-4C5D33FD407B}.Release|x86.Build.0 = Release|Any CPU
		{7F851AB6-7AF6-4E8E-9917-CAB95295E8F0}.Debug|Any CPU.ActiveCfg = Debug|Any CPU
		{7F851AB6-7AF6-4E8E-9917-CAB95295E8F0}.Debug|Any CPU.Build.0 = Debug|Any CPU
		{7F851AB6-7AF6-4E8E-9917-CAB95295E8F0}.Debug|x64.ActiveCfg = Debug|Any CPU
		{7F851AB6-7AF6-4E8E-9917-CAB95295E8F0}.Debug|x64.Build.0 = Debug|Any CPU
		{7F851AB6-7AF6-4E8E-9917-CAB95295E8F0}.Debug|x86.ActiveCfg = Debug|Any CPU
		{7F851AB6-7AF6-4E8E-9917-CAB95295E8F0}.Debug|x86.Build.0 = Debug|Any CPU
		{7F851AB6-7AF6-4E8E-9917-CAB95295E8F0}.Release|Any CPU.ActiveCfg = Release|Any CPU
		{7F851AB6-7AF6-4E8E-9917-CAB95295E8F0}.Release|Any CPU.Build.0 = Release|Any CPU
		{7F851AB6-7AF6-4E8E-9917-CAB95295E8F0}.Release|x64.ActiveCfg = Release|Any CPU
		{7F851AB6-7AF6-4E8E-9917-CAB95295E8F0}.Release|x64.Build.0 = Release|Any CPU
		{7F851AB6-7AF6-4E8E-9917-CAB95295E8F0}.Release|x86.ActiveCfg = Release|Any CPU
		{7F851AB6-7AF6-4E8E-9917-CAB95295E8F0}.Release|x86.Build.0 = Release|Any CPU
		{F372D079-A215-439A-B9DF-B608AE46E485}.Debug|Any CPU.ActiveCfg = Debug|Any CPU
		{F372D079-A215-439A-B9DF-B608AE46E485}.Debug|Any CPU.Build.0 = Debug|Any CPU
		{F372D079-A215-439A-B9DF-B608AE46E485}.Debug|x64.ActiveCfg = Debug|Any CPU
		{F372D079-A215-439A-B9DF-B608AE46E485}.Debug|x64.Build.0 = Debug|Any CPU
		{F372D079-A215-439A-B9DF-B608AE46E485}.Debug|x86.ActiveCfg = Debug|Any CPU
		{F372D079-A215-439A-B9DF-B608AE46E485}.Debug|x86.Build.0 = Debug|Any CPU
		{F372D079-A215-439A-B9DF-B608AE46E485}.Release|Any CPU.ActiveCfg = Release|Any CPU
		{F372D079-A215-439A-B9DF-B608AE46E485}.Release|Any CPU.Build.0 = Release|Any CPU
		{F372D079-A215-439A-B9DF-B608AE46E485}.Release|x64.ActiveCfg = Release|Any CPU
		{F372D079-A215-439A-B9DF-B608AE46E485}.Release|x64.Build.0 = Release|Any CPU
		{F372D079-A215-439A-B9DF-B608AE46E485}.Release|x86.ActiveCfg = Release|Any CPU
		{F372D079-A215-439A-B9DF-B608AE46E485}.Release|x86.Build.0 = Release|Any CPU
		{82DF6252-3B76-4F5C-8CCF-D6FB21F6BFBB}.Debug|Any CPU.ActiveCfg = Debug|Any CPU
		{82DF6252-3B76-4F5C-8CCF-D6FB21F6BFBB}.Debug|Any CPU.Build.0 = Debug|Any CPU
		{82DF6252-3B76-4F5C-8CCF-D6FB21F6BFBB}.Debug|x64.ActiveCfg = Debug|Any CPU
		{82DF6252-3B76-4F5C-8CCF-D6FB21F6BFBB}.Debug|x64.Build.0 = Debug|Any CPU
		{82DF6252-3B76-4F5C-8CCF-D6FB21F6BFBB}.Debug|x86.ActiveCfg = Debug|Any CPU
		{82DF6252-3B76-4F5C-8CCF-D6FB21F6BFBB}.Debug|x86.Build.0 = Debug|Any CPU
		{82DF6252-3B76-4F5C-8CCF-D6FB21F6BFBB}.Release|Any CPU.ActiveCfg = Release|Any CPU
		{82DF6252-3B76-4F5C-8CCF-D6FB21F6BFBB}.Release|Any CPU.Build.0 = Release|Any CPU
		{82DF6252-3B76-4F5C-8CCF-D6FB21F6BFBB}.Release|x64.ActiveCfg = Release|Any CPU
		{82DF6252-3B76-4F5C-8CCF-D6FB21F6BFBB}.Release|x64.Build.0 = Release|Any CPU
		{82DF6252-3B76-4F5C-8CCF-D6FB21F6BFBB}.Release|x86.ActiveCfg = Release|Any CPU
		{82DF6252-3B76-4F5C-8CCF-D6FB21F6BFBB}.Release|x86.Build.0 = Release|Any CPU
		{E39A792B-0876-49F8-81D3-7814E569CBA1}.Debug|Any CPU.ActiveCfg = Debug|Any CPU
		{E39A792B-0876-49F8-81D3-7814E569CBA1}.Debug|Any CPU.Build.0 = Debug|Any CPU
		{E39A792B-0876-49F8-81D3-7814E569CBA1}.Debug|x64.ActiveCfg = Debug|Any CPU
		{E39A792B-0876-49F8-81D3-7814E569CBA1}.Debug|x64.Build.0 = Debug|Any CPU
		{E39A792B-0876-49F8-81D3-7814E569CBA1}.Debug|x86.ActiveCfg = Debug|Any CPU
		{E39A792B-0876-49F8-81D3-7814E569CBA1}.Debug|x86.Build.0 = Debug|Any CPU
		{E39A792B-0876-49F8-81D3-7814E569CBA1}.Release|Any CPU.ActiveCfg = Release|Any CPU
		{E39A792B-0876-49F8-81D3-7814E569CBA1}.Release|Any CPU.Build.0 = Release|Any CPU
		{E39A792B-0876-49F8-81D3-7814E569CBA1}.Release|x64.ActiveCfg = Release|Any CPU
		{E39A792B-0876-49F8-81D3-7814E569CBA1}.Release|x64.Build.0 = Release|Any CPU
		{E39A792B-0876-49F8-81D3-7814E569CBA1}.Release|x86.ActiveCfg = Release|Any CPU
		{E39A792B-0876-49F8-81D3-7814E569CBA1}.Release|x86.Build.0 = Release|Any CPU
		{7B42CB4E-BA7B-4DA8-AC44-30C7BB5E7DC5}.Debug|Any CPU.ActiveCfg = Debug|Any CPU
		{7B42CB4E-BA7B-4DA8-AC44-30C7BB5E7DC5}.Debug|Any CPU.Build.0 = Debug|Any CPU
		{7B42CB4E-BA7B-4DA8-AC44-30C7BB5E7DC5}.Debug|x64.ActiveCfg = Debug|Any CPU
		{7B42CB4E-BA7B-4DA8-AC44-30C7BB5E7DC5}.Debug|x64.Build.0 = Debug|Any CPU
		{7B42CB4E-BA7B-4DA8-AC44-30C7BB5E7DC5}.Debug|x86.ActiveCfg = Debug|Any CPU
		{7B42CB4E-BA7B-4DA8-AC44-30C7BB5E7DC5}.Debug|x86.Build.0 = Debug|Any CPU
		{7B42CB4E-BA7B-4DA8-AC44-30C7BB5E7DC5}.Release|Any CPU.ActiveCfg = Release|Any CPU
		{7B42CB4E-BA7B-4DA8-AC44-30C7BB5E7DC5}.Release|Any CPU.Build.0 = Release|Any CPU
		{7B42CB4E-BA7B-4DA8-AC44-30C7BB5E7DC5}.Release|x64.ActiveCfg = Release|Any CPU
		{7B42CB4E-BA7B-4DA8-AC44-30C7BB5E7DC5}.Release|x64.Build.0 = Release|Any CPU
		{7B42CB4E-BA7B-4DA8-AC44-30C7BB5E7DC5}.Release|x86.ActiveCfg = Release|Any CPU
		{7B42CB4E-BA7B-4DA8-AC44-30C7BB5E7DC5}.Release|x86.Build.0 = Release|Any CPU
		{C32DA61B-6173-402D-B536-EB468C3AC205}.Debug|Any CPU.ActiveCfg = Debug|Any CPU
		{C32DA61B-6173-402D-B536-EB468C3AC205}.Debug|Any CPU.Build.0 = Debug|Any CPU
		{C32DA61B-6173-402D-B536-EB468C3AC205}.Debug|x64.ActiveCfg = Debug|Any CPU
		{C32DA61B-6173-402D-B536-EB468C3AC205}.Debug|x64.Build.0 = Debug|Any CPU
		{C32DA61B-6173-402D-B536-EB468C3AC205}.Debug|x86.ActiveCfg = Debug|Any CPU
		{C32DA61B-6173-402D-B536-EB468C3AC205}.Debug|x86.Build.0 = Debug|Any CPU
		{C32DA61B-6173-402D-B536-EB468C3AC205}.Release|Any CPU.ActiveCfg = Release|Any CPU
		{C32DA61B-6173-402D-B536-EB468C3AC205}.Release|Any CPU.Build.0 = Release|Any CPU
		{C32DA61B-6173-402D-B536-EB468C3AC205}.Release|x64.ActiveCfg = Release|Any CPU
		{C32DA61B-6173-402D-B536-EB468C3AC205}.Release|x64.Build.0 = Release|Any CPU
		{C32DA61B-6173-402D-B536-EB468C3AC205}.Release|x86.ActiveCfg = Release|Any CPU
		{C32DA61B-6173-402D-B536-EB468C3AC205}.Release|x86.Build.0 = Release|Any CPU
	EndGlobalSection
	GlobalSection(SolutionProperties) = preSolution
		HideSolutionNode = FALSE
	EndGlobalSection
	GlobalSection(NestedProjects) = preSolution
		{A9F01436-758B-4AA6-8AEB-59A7F76F041C} = {2FA89949-C014-61E3-9766-4043502A0423}
		{0F8CC040-C2BA-4931-8F81-2052A5B1C34D} = {2FA89949-C014-61E3-9766-4043502A0423}
		{C24E5D2B-B589-43C7-B816-0EB3767B5AEF} = {2FA89949-C014-61E3-9766-4043502A0423}
		{2D4E27AF-3139-45D7-992F-4547C2D48A25} = {2FA89949-C014-61E3-9766-4043502A0423}
		{8FA0E8FD-7941-4074-A3E4-7215BE2F9F7C} = {6B6A9D20-1EA0-9357-3B09-C6BC2B90364F}
		{4FB33A4E-4290-4D89-9AC3-3EA3125F22BF} = {6B6A9D20-1EA0-9357-3B09-C6BC2B90364F}
		{883ADA5C-2412-4D46-AAA6-8EA4EBBF5392} = {6B6A9D20-1EA0-9357-3B09-C6BC2B90364F}
		{0BF6F4ED-7900-419D-AFCC-053412FEFB95} = {6B6A9D20-1EA0-9357-3B09-C6BC2B90364F}
		{DD5E40B3-7A7C-43FB-8A13-726220F88459} = {4EC51E57-671C-8648-2C4B-1322FA058310}
		{0A5A8ACB-C340-4A71-9D08-5A85CFFB38FE} = {4EC51E57-671C-8648-2C4B-1322FA058310}
		{421ADBA7-D9D4-4C2F-8721-6030EF4853C3} = {4EC51E57-671C-8648-2C4B-1322FA058310}
		{0E96D707-3187-463A-A7F7-5ED2778985AF} = {4EC51E57-671C-8648-2C4B-1322FA058310}
		{F78657A5-05FF-47FF-901A-53DD6E98D28E} = {AAAB0AA3-F7AA-1B1F-BE8D-B8E67AD9E9EA}
		{C3D7C0E4-6A85-493F-929B-4C5D33FD407B} = {AAAB0AA3-F7AA-1B1F-BE8D-B8E67AD9E9EA}
		{7F851AB6-7AF6-4E8E-9917-CAB95295E8F0} = {AAAB0AA3-F7AA-1B1F-BE8D-B8E67AD9E9EA}
		{F372D079-A215-439A-B9DF-B608AE46E485} = {AAAB0AA3-F7AA-1B1F-BE8D-B8E67AD9E9EA}
		{82DF6252-3B76-4F5C-8CCF-D6FB21F6BFBB} = {33472EAB-4B73-5570-11C2-37545A55103D}
		{E39A792B-0876-49F8-81D3-7814E569CBA1} = {33472EAB-4B73-5570-11C2-37545A55103D}
		{7B42CB4E-BA7B-4DA8-AC44-30C7BB5E7DC5} = {33472EAB-4B73-5570-11C2-37545A55103D}
	EndGlobalSection
EndGlobal
