
Microsoft Visual Studio Solution File, Format Version 12.00
# Visual Studio Version 17
VisualStudioVersion = 17.0.31903.59
MinimumVisualStudioVersion = 10.0.40219.1
Project("{FAE04EC0-301F-11D3-BF4B-00C04F79EFBC}") = "ECommerce.Core", "ECommerce.Core\ECommerce.Core.csproj", "{3992C169-3E53-480D-995D-80896D61059B}"
EndProject
Project("{FAE04EC0-301F-11D3-BF4B-00C04F79EFBC}") = "ECommerce.Application", "ECommerce.Application\ECommerce.Application.csproj", "{F0E1314B-4E23-4265-ABEC-5FE171D49C4E}"
EndProject
Project("{FAE04EC0-301F-11D3-BF4B-00C04F79EFBC}") = "ECommerce.Infrastructure", "ECommerce.Infrastructure\ECommerce.Infrastructure.csproj", "{DFBCB7C3-909F-4BCE-8BCF-05960A8EDDF0}"
EndProject
Project("{FAE04EC0-301F-11D3-BF4B-00C04F79EFBC}") = "ECommerce.API", "ECommerce.API\ECommerce.API.csproj", "{459EB63F-E32D-47A3-A288-056D6B41FED7}"
EndProject
Project("{FAE04EC0-301F-11D3-BF4B-00C04F79EFBC}") = "ECommerce.Tests", "ECommerce.Tests\ECommerce.Tests.csproj", "{CAE00BFE-3B6E-4B49-97EC-B72BF1F5002F}"
EndProject
Project("{FAE04EC0-301F-11D3-BF4B-00C04F79EFBC}") = "ECommerce.SharedKernel", "ECommerce.SharedKernel\ECommerce.SharedKernel.csproj", "{F1094E51-A2A6-4EC8-8A56-773E879FE099}"
EndProject
Project("{FAE04EC0-301F-11D3-BF4B-00C04F79EFBC}") = "ECommerce.Catalog.Domain", "ECommerce.Catalog.Domain\ECommerce.Catalog.Domain.csproj", "{95FA1BC2-4B18-4730-92CC-1FA2757AAA5C}"
EndProject
Project("{FAE04EC0-301F-11D3-BF4B-00C04F79EFBC}") = "ECommerce.Catalog.Tests", "ECommerce.Catalog.Tests\ECommerce.Catalog.Tests.csproj", "{4BE335FC-8DEA-4379-B24C-B4BC779D2C4F}"
EndProject
Global
	GlobalSection(SolutionConfigurationPlatforms) = preSolution
		Debug|Any CPU = Debug|Any CPU
		Debug|x64 = Debug|x64
		Debug|x86 = Debug|x86
		Release|Any CPU = Release|Any CPU
		Release|x64 = Release|x64
		Release|x86 = Release|x86
	EndGlobalSection
	GlobalSection(ProjectConfigurationPlatforms) = postSolution
		{3992C169-3E53-480D-995D-80896D61059B}.Debug|Any CPU.ActiveCfg = Debug|Any CPU
		{3992C169-3E53-480D-995D-80896D61059B}.Debug|Any CPU.Build.0 = Debug|Any CPU
		{3992C169-3E53-480D-995D-80896D61059B}.Debug|x64.ActiveCfg = Debug|Any CPU
		{3992C169-3E53-480D-995D-80896D61059B}.Debug|x64.Build.0 = Debug|Any CPU
		{3992C169-3E53-480D-995D-80896D61059B}.Debug|x86.ActiveCfg = Debug|Any CPU
		{3992C169-3E53-480D-995D-80896D61059B}.Debug|x86.Build.0 = Debug|Any CPU
		{3992C169-3E53-480D-995D-80896D61059B}.Release|Any CPU.ActiveCfg = Release|Any CPU
		{3992C169-3E53-480D-995D-80896D61059B}.Release|Any CPU.Build.0 = Release|Any CPU
		{3992C169-3E53-480D-995D-80896D61059B}.Release|x64.ActiveCfg = Release|Any CPU
		{3992C169-3E53-480D-995D-80896D61059B}.Release|x64.Build.0 = Release|Any CPU
		{3992C169-3E53-480D-995D-80896D61059B}.Release|x86.ActiveCfg = Release|Any CPU
		{3992C169-3E53-480D-995D-80896D61059B}.Release|x86.Build.0 = Release|Any CPU
		{F0E1314B-4E23-4265-ABEC-5FE171D49C4E}.Debug|Any CPU.ActiveCfg = Debug|Any CPU
		{F0E1314B-4E23-4265-ABEC-5FE171D49C4E}.Debug|Any CPU.Build.0 = Debug|Any CPU
		{F0E1314B-4E23-4265-ABEC-5FE171D49C4E}.Debug|x64.ActiveCfg = Debug|Any CPU
		{F0E1314B-4E23-4265-ABEC-5FE171D49C4E}.Debug|x64.Build.0 = Debug|Any CPU
		{F0E1314B-4E23-4265-ABEC-5FE171D49C4E}.Debug|x86.ActiveCfg = Debug|Any CPU
		{F0E1314B-4E23-4265-ABEC-5FE171D49C4E}.Debug|x86.Build.0 = Debug|Any CPU
		{F0E1314B-4E23-4265-ABEC-5FE171D49C4E}.Release|Any CPU.ActiveCfg = Release|Any CPU
		{F0E1314B-4E23-4265-ABEC-5FE171D49C4E}.Release|Any CPU.Build.0 = Release|Any CPU
		{F0E1314B-4E23-4265-ABEC-5FE171D49C4E}.Release|x64.ActiveCfg = Release|Any CPU
		{F0E1314B-4E23-4265-ABEC-5FE171D49C4E}.Release|x64.Build.0 = Release|Any CPU
		{F0E1314B-4E23-4265-ABEC-5FE171D49C4E}.Release|x86.ActiveCfg = Release|Any CPU
		{F0E1314B-4E23-4265-ABEC-5FE171D49C4E}.Release|x86.Build.0 = Release|Any CPU
		{DFBCB7C3-909F-4BCE-8BCF-05960A8EDDF0}.Debug|Any CPU.ActiveCfg = Debug|Any CPU
		{DFBCB7C3-909F-4BCE-8BCF-05960A8EDDF0}.Debug|Any CPU.Build.0 = Debug|Any CPU
		{DFBCB7C3-909F-4BCE-8BCF-05960A8EDDF0}.Debug|x64.ActiveCfg = Debug|Any CPU
		{DFBCB7C3-909F-4BCE-8BCF-05960A8EDDF0}.Debug|x64.Build.0 = Debug|Any CPU
		{DFBCB7C3-909F-4BCE-8BCF-05960A8EDDF0}.Debug|x86.ActiveCfg = Debug|Any CPU
		{DFBCB7C3-909F-4BCE-8BCF-05960A8EDDF0}.Debug|x86.Build.0 = Debug|Any CPU
		{DFBCB7C3-909F-4BCE-8BCF-05960A8EDDF0}.Release|Any CPU.ActiveCfg = Release|Any CPU
		{DFBCB7C3-909F-4BCE-8BCF-05960A8EDDF0}.Release|Any CPU.Build.0 = Release|Any CPU
		{DFBCB7C3-909F-4BCE-8BCF-05960A8EDDF0}.Release|x64.ActiveCfg = Release|Any CPU
		{DFBCB7C3-909F-4BCE-8BCF-05960A8EDDF0}.Release|x64.Build.0 = Release|Any CPU
		{DFBCB7C3-909F-4BCE-8BCF-05960A8EDDF0}.Release|x86.ActiveCfg = Release|Any CPU
		{DFBCB7C3-909F-4BCE-8BCF-05960A8EDDF0}.Release|x86.Build.0 = Release|Any CPU
		{459EB63F-E32D-47A3-A288-056D6B41FED7}.Debug|Any CPU.ActiveCfg = Debug|Any CPU
		{459EB63F-E32D-47A3-A288-056D6B41FED7}.Debug|Any CPU.Build.0 = Debug|Any CPU
		{459EB63F-E32D-47A3-A288-056D6B41FED7}.Debug|x64.ActiveCfg = Debug|Any CPU
		{459EB63F-E32D-47A3-A288-056D6B41FED7}.Debug|x64.Build.0 = Debug|Any CPU
		{459EB63F-E32D-47A3-A288-056D6B41FED7}.Debug|x86.ActiveCfg = Debug|Any CPU
		{459EB63F-E32D-47A3-A288-056D6B41FED7}.Debug|x86.Build.0 = Debug|Any CPU
		{459EB63F-E32D-47A3-A288-056D6B41FED7}.Release|Any CPU.ActiveCfg = Release|Any CPU
		{459EB63F-E32D-47A3-A288-056D6B41FED7}.Release|Any CPU.Build.0 = Release|Any CPU
		{459EB63F-E32D-47A3-A288-056D6B41FED7}.Release|x64.ActiveCfg = Release|Any CPU
		{459EB63F-E32D-47A3-A288-056D6B41FED7}.Release|x64.Build.0 = Release|Any CPU
		{459EB63F-E32D-47A3-A288-056D6B41FED7}.Release|x86.ActiveCfg = Release|Any CPU
		{459EB63F-E32D-47A3-A288-056D6B41FED7}.Release|x86.Build.0 = Release|Any CPU
		{CAE00BFE-3B6E-4B49-97EC-B72BF1F5002F}.Debug|Any CPU.ActiveCfg = Debug|Any CPU
		{CAE00BFE-3B6E-4B49-97EC-B72BF1F5002F}.Debug|Any CPU.Build.0 = Debug|Any CPU
		{CAE00BFE-3B6E-4B49-97EC-B72BF1F5002F}.Debug|x64.ActiveCfg = Debug|Any CPU
		{CAE00BFE-3B6E-4B49-97EC-B72BF1F5002F}.Debug|x64.Build.0 = Debug|Any CPU
		{CAE00BFE-3B6E-4B49-97EC-B72BF1F5002F}.Debug|x86.ActiveCfg = Debug|Any CPU
		{CAE00BFE-3B6E-4B49-97EC-B72BF1F5002F}.Debug|x86.Build.0 = Debug|Any CPU
		{CAE00BFE-3B6E-4B49-97EC-B72BF1F5002F}.Release|Any CPU.ActiveCfg = Release|Any CPU
		{CAE00BFE-3B6E-4B49-97EC-B72BF1F5002F}.Release|Any CPU.Build.0 = Release|Any CPU
		{CAE00BFE-3B6E-4B49-97EC-B72BF1F5002F}.Release|x64.ActiveCfg = Release|Any CPU
		{CAE00BFE-3B6E-4B49-97EC-B72BF1F5002F}.Release|x64.Build.0 = Release|Any CPU
		{CAE00BFE-3B6E-4B49-97EC-B72BF1F5002F}.Release|x86.ActiveCfg = Release|Any CPU
		{CAE00BFE-3B6E-4B49-97EC-B72BF1F5002F}.Release|x86.Build.0 = Release|Any CPU
		{F1094E51-A2A6-4EC8-8A56-773E879FE099}.Debug|Any CPU.ActiveCfg = Debug|Any CPU
		{F1094E51-A2A6-4EC8-8A56-773E879FE099}.Debug|Any CPU.Build.0 = Debug|Any CPU
		{F1094E51-A2A6-4EC8-8A56-773E879FE099}.Debug|x64.ActiveCfg = Debug|Any CPU
		{F1094E51-A2A6-4EC8-8A56-773E879FE099}.Debug|x64.Build.0 = Debug|Any CPU
		{F1094E51-A2A6-4EC8-8A56-773E879FE099}.Debug|x86.ActiveCfg = Debug|Any CPU
		{F1094E51-A2A6-4EC8-8A56-773E879FE099}.Debug|x86.Build.0 = Debug|Any CPU
		{F1094E51-A2A6-4EC8-8A56-773E879FE099}.Release|Any CPU.ActiveCfg = Release|Any CPU
		{F1094E51-A2A6-4EC8-8A56-773E879FE099}.Release|Any CPU.Build.0 = Release|Any CPU
		{F1094E51-A2A6-4EC8-8A56-773E879FE099}.Release|x64.ActiveCfg = Release|Any CPU
		{F1094E51-A2A6-4EC8-8A56-773E879FE099}.Release|x64.Build.0 = Release|Any CPU
		{F1094E51-A2A6-4EC8-8A56-773E879FE099}.Release|x86.ActiveCfg = Release|Any CPU
		{F1094E51-A2A6-4EC8-8A56-773E879FE099}.Release|x86.Build.0 = Release|Any CPU
		{95FA1BC2-4B18-4730-92CC-1FA2757AAA5C}.Debug|Any CPU.ActiveCfg = Debug|Any CPU
		{95FA1BC2-4B18-4730-92CC-1FA2757AAA5C}.Debug|Any CPU.Build.0 = Debug|Any CPU
		{95FA1BC2-4B18-4730-92CC-1FA2757AAA5C}.Debug|x64.ActiveCfg = Debug|Any CPU
		{95FA1BC2-4B18-4730-92CC-1FA2757AAA5C}.Debug|x64.Build.0 = Debug|Any CPU
		{95FA1BC2-4B18-4730-92CC-1FA2757AAA5C}.Debug|x86.ActiveCfg = Debug|Any CPU
		{95FA1BC2-4B18-4730-92CC-1FA2757AAA5C}.Debug|x86.Build.0 = Debug|Any CPU
		{95FA1BC2-4B18-4730-92CC-1FA2757AAA5C}.Release|Any CPU.ActiveCfg = Release|Any CPU
		{95FA1BC2-4B18-4730-92CC-1FA2757AAA5C}.Release|Any CPU.Build.0 = Release|Any CPU
		{95FA1BC2-4B18-4730-92CC-1FA2757AAA5C}.Release|x64.ActiveCfg = Release|Any CPU
		{95FA1BC2-4B18-4730-92CC-1FA2757AAA5C}.Release|x64.Build.0 = Release|Any CPU
		{95FA1BC2-4B18-4730-92CC-1FA2757AAA5C}.Release|x86.ActiveCfg = Release|Any CPU
		{95FA1BC2-4B18-4730-92CC-1FA2757AAA5C}.Release|x86.Build.0 = Release|Any CPU
		{4BE335FC-8DEA-4379-B24C-B4BC779D2C4F}.Debug|Any CPU.ActiveCfg = Debug|Any CPU
		{4BE335FC-8DEA-4379-B24C-B4BC779D2C4F}.Debug|Any CPU.Build.0 = Debug|Any CPU
		{4BE335FC-8DEA-4379-B24C-B4BC779D2C4F}.Debug|x64.ActiveCfg = Debug|Any CPU
		{4BE335FC-8DEA-4379-B24C-B4BC779D2C4F}.Debug|x64.Build.0 = Debug|Any CPU
		{4BE335FC-8DEA-4379-B24C-B4BC779D2C4F}.Debug|x86.ActiveCfg = Debug|Any CPU
		{4BE335FC-8DEA-4379-B24C-B4BC779D2C4F}.Debug|x86.Build.0 = Debug|Any CPU
		{4BE335FC-8DEA-4379-B24C-B4BC779D2C4F}.Release|Any CPU.ActiveCfg = Release|Any CPU
		{4BE335FC-8DEA-4379-B24C-B4BC779D2C4F}.Release|Any CPU.Build.0 = Release|Any CPU
		{4BE335FC-8DEA-4379-B24C-B4BC779D2C4F}.Release|x64.ActiveCfg = Release|Any CPU
		{4BE335FC-8DEA-4379-B24C-B4BC779D2C4F}.Release|x64.Build.0 = Release|Any CPU
		{4BE335FC-8DEA-4379-B24C-B4BC779D2C4F}.Release|x86.ActiveCfg = Release|Any CPU
		{4BE335FC-8DEA-4379-B24C-B4BC779D2C4F}.Release|x86.Build.0 = Release|Any CPU
	EndGlobalSection
	GlobalSection(SolutionProperties) = preSolution
		HideSolutionNode = FALSE
	EndGlobalSection
EndGlobal
